
Microsoft Visual Studio Solution File, Format Version 12.00
# Visual Studio Version 16
VisualStudioVersion = 16.0.31624.102
MinimumVisualStudioVersion = 10.0.40219.1
Project("{9A19103F-16F7-4668-BE54-9A1E7A4F7556}") = "mvc", "mvc.csproj", "{AFB8CD3E-5650-40C1-8311-1CDC1DF6276A}"
EndProject
Global
	GlobalSection(SolutionConfigurationPlatforms) = preSolution
		Debug|Any CPU = Debug|Any CPU
		Release|Any CPU = Release|Any CPU
	EndGlobalSection
	GlobalSection(ProjectConfigurationPlatforms) = postSolution
		{AFB8CD3E-5650-40C1-8311-1CDC1DF6276A}.Debug|Any CPU.ActiveCfg = Debug|Any CPU
		{AFB8CD3E-5650-40C1-8311-1CDC1DF6276A}.Debug|Any CPU.Build.0 = Debug|Any CPU
		{AFB8CD3E-5650-40C1-8311-1CDC1DF6276A}.Release|Any CPU.ActiveCfg = Release|Any CPU
		{AFB8CD3E-5650-40C1-8311-1CDC1DF6276A}.Release|Any CPU.Build.0 = Release|Any CPU
	EndGlobalSection
	GlobalSection(SolutionProperties) = preSolution
		HideSolutionNode = FALSE
	EndGlobalSection
	GlobalSection(ExtensibilityGlobals) = postSolution
		SolutionGuid = {1DC40492-6D7C-4106-ADBC-333660E98C2C}
	EndGlobalSection
EndGlobal
