
Microsoft Visual Studio Solution File, Format Version 12.00
# Visual Studio Version 16
VisualStudioVersion = 16.0.31613.86
MinimumVisualStudioVersion = 10.0.40219.1
Project("{9A19103F-16F7-4668-BE54-9A1E7A4F7556}") = "MeuPrimeiroProjeto", "MeuPrimeiroProjeto\MeuPrimeiroProjeto.csproj", "{120680B6-79A5-4A92-8B22-9D6F76D3F7F1}"
EndProject
Project("{9A19103F-16F7-4668-BE54-9A1E7A4F7556}") = "CriandoVariaveis", "CriandoVariaveis\CriandoVariaveis.csproj", "{4DF5E8B2-E133-4474-A4E0-CA86079BEFF0}"
EndProject
Project("{9A19103F-16F7-4668-BE54-9A1E7A4F7556}") = "CriabdoVariaveisPontoFlutuante", "CriabdoVariaveisPontoFlutuante\CriabdoVariaveisPontoFlutuante.csproj", "{F0C89CEC-02DA-4C0F-90E1-4B1729F80B15}"
EndProject
Project("{9A19103F-16F7-4668-BE54-9A1E7A4F7556}") = "ConversoesEOutrosTiposNumericos", "ConversoesEOutrosTiposNumericos\ConversoesEOutrosTiposNumericos.csproj", "{DA1682B2-BA9B-409C-88F8-F01593A3D095}"
EndProject
Project("{FAE04EC0-301F-11D3-BF4B-00C04F79EFBC}") = "CaracteresETextos", "CaracteresETextos\CaracteresETextos.csproj", "{A78DF9A0-F37E-4E89-A708-0ACC482B73FA}"
EndProject
Project("{FAE04EC0-301F-11D3-BF4B-00C04F79EFBC}") = "AtribuicoesDeVariaveis", "AtribuicoesDeVariaveis\AtribuicoesDeVariaveis.csproj", "{3A8521E3-A82D-45AA-B535-E1A9CC3416D3}"
EndProject
Global
	GlobalSection(SolutionConfigurationPlatforms) = preSolution
		Debug|Any CPU = Debug|Any CPU
		Release|Any CPU = Release|Any CPU
	EndGlobalSection
	GlobalSection(ProjectConfigurationPlatforms) = postSolution
		{120680B6-79A5-4A92-8B22-9D6F76D3F7F1}.Debug|Any CPU.ActiveCfg = Debug|Any CPU
		{120680B6-79A5-4A92-8B22-9D6F76D3F7F1}.Debug|Any CPU.Build.0 = Debug|Any CPU
		{120680B6-79A5-4A92-8B22-9D6F76D3F7F1}.Release|Any CPU.ActiveCfg = Release|Any CPU
		{120680B6-79A5-4A92-8B22-9D6F76D3F7F1}.Release|Any CPU.Build.0 = Release|Any CPU
		{4DF5E8B2-E133-4474-A4E0-CA86079BEFF0}.Debug|Any CPU.ActiveCfg = Debug|Any CPU
		{4DF5E8B2-E133-4474-A4E0-CA86079BEFF0}.Debug|Any CPU.Build.0 = Debug|Any CPU
		{4DF5E8B2-E133-4474-A4E0-CA86079BEFF0}.Release|Any CPU.ActiveCfg = Release|Any CPU
		{4DF5E8B2-E133-4474-A4E0-CA86079BEFF0}.Release|Any CPU.Build.0 = Release|Any CPU
		{F0C89CEC-02DA-4C0F-90E1-4B1729F80B15}.Debug|Any CPU.ActiveCfg = Debug|Any CPU
		{F0C89CEC-02DA-4C0F-90E1-4B1729F80B15}.Debug|Any CPU.Build.0 = Debug|Any CPU
		{F0C89CEC-02DA-4C0F-90E1-4B1729F80B15}.Release|Any CPU.ActiveCfg = Release|Any CPU
		{F0C89CEC-02DA-4C0F-90E1-4B1729F80B15}.Release|Any CPU.Build.0 = Release|Any CPU
		{DA1682B2-BA9B-409C-88F8-F01593A3D095}.Debug|Any CPU.ActiveCfg = Debug|Any CPU
		{DA1682B2-BA9B-409C-88F8-F01593A3D095}.Debug|Any CPU.Build.0 = Debug|Any CPU
		{DA1682B2-BA9B-409C-88F8-F01593A3D095}.Release|Any CPU.ActiveCfg = Release|Any CPU
		{DA1682B2-BA9B-409C-88F8-F01593A3D095}.Release|Any CPU.Build.0 = Release|Any CPU
		{A78DF9A0-F37E-4E89-A708-0ACC482B73FA}.Debug|Any CPU.ActiveCfg = Debug|Any CPU
		{A78DF9A0-F37E-4E89-A708-0ACC482B73FA}.Debug|Any CPU.Build.0 = Debug|Any CPU
		{A78DF9A0-F37E-4E89-A708-0ACC482B73FA}.Release|Any CPU.ActiveCfg = Release|Any CPU
		{A78DF9A0-F37E-4E89-A708-0ACC482B73FA}.Release|Any CPU.Build.0 = Release|Any CPU
		{3A8521E3-A82D-45AA-B535-E1A9CC3416D3}.Debug|Any CPU.ActiveCfg = Debug|Any CPU
		{3A8521E3-A82D-45AA-B535-E1A9CC3416D3}.Debug|Any CPU.Build.0 = Debug|Any CPU
		{3A8521E3-A82D-45AA-B535-E1A9CC3416D3}.Release|Any CPU.ActiveCfg = Release|Any CPU
		{3A8521E3-A82D-45AA-B535-E1A9CC3416D3}.Release|Any CPU.Build.0 = Release|Any CPU
	EndGlobalSection
	GlobalSection(SolutionProperties) = preSolution
		HideSolutionNode = FALSE
	EndGlobalSection
	GlobalSection(ExtensibilityGlobals) = postSolution
		SolutionGuid = {3A87BB54-81B2-46DE-8077-25D9A657DAD2}
	EndGlobalSection
EndGlobal
