
Microsoft Visual Studio Solution File, Format Version 12.00
# Visual Studio Version 16
VisualStudioVersion = 16.0.31624.102
MinimumVisualStudioVersion = 10.0.40219.1
Project("{FAE04EC0-301F-11D3-BF4B-00C04F79EFBC}") = "ByteBank", "ByteBank.csproj", "{51211E7D-F499-460E-95D7-16EF31EB60F6}"
EndProject
Global
	GlobalSection(SolutionConfigurationPlatforms) = preSolution
		Debug|Any CPU = Debug|Any CPU
		Release|Any CPU = Release|Any CPU
	EndGlobalSection
	GlobalSection(ProjectConfigurationPlatforms) = postSolution
		{51211E7D-F499-460E-95D7-16EF31EB60F6}.Debug|Any CPU.ActiveCfg = Debug|Any CPU
		{51211E7D-F499-460E-95D7-16EF31EB60F6}.Debug|Any CPU.Build.0 = Debug|Any CPU
		{51211E7D-F499-460E-95D7-16EF31EB60F6}.Release|Any CPU.ActiveCfg = Release|Any CPU
		{51211E7D-F499-460E-95D7-16EF31EB60F6}.Release|Any CPU.Build.0 = Release|Any CPU
	EndGlobalSection
	GlobalSection(SolutionProperties) = preSolution
		HideSolutionNode = FALSE
	EndGlobalSection
	GlobalSection(ExtensibilityGlobals) = postSolution
		SolutionGuid = {288DE7A3-5EB3-451A-AC60-1A103EC1D421}
	EndGlobalSection
EndGlobal
